
Microsoft Visual Studio Solution File, Format Version 12.00
# Visual Studio 2013
VisualStudioVersion = 12.0.21005.1
MinimumVisualStudioVersion = 10.0.40219.1
Project("{2150E333-8FDC-42A3-9474-1A3956D46DE8}") = "Framework", "Framework", "{ABEE7095-59A1-423F-AE9D-52217F9936A0}"
EndProject
Project("{2150E333-8FDC-42A3-9474-1A3956D46DE8}") = "Src", "Src", "{F5CCEC33-31DC-4351-9A6A-F2B76364C5A3}"
EndProject
Project("{FAE04EC0-301F-11D3-BF4B-00C04F79EFBC}") = "HZMall.Web", "HZMall.Web\HZMall.Web.csproj", "{5D89D54A-332D-4E4E-B6D9-2D74F0A52D36}"
EndProject
Project("{FAE04EC0-301F-11D3-BF4B-00C04F79EFBC}") = "HZMall.WebApi", "HZMall.WebApi\HZMall.WebApi.csproj", "{B192E083-AB4C-4D5C-A83F-0489F50F4647}"
EndProject
Project("{FAE04EC0-301F-11D3-BF4B-00C04F79EFBC}") = "BrCms.Framework", "Framework\BrCms.Framework\BrCms.Framework.csproj", "{8B76817C-AA83-4058-99B0-E4EEFCAE797A}"
EndProject
Project("{FAE04EC0-301F-11D3-BF4B-00C04F79EFBC}") = "BrCms.Framework.Mvc", "Framework\BrCms.Framework.Mvc\BrCms.Framework.Mvc.csproj", "{CFE258E4-7B55-45C5-ACCA-98A0E56953BA}"
EndProject
Project("{FAE04EC0-301F-11D3-BF4B-00C04F79EFBC}") = "HZMall.Framework.Dapper", "Framework\HKTH.Framework.Dapper\HZMall.Framework.Dapper.csproj", "{DB3B7067-AC73-419D-9CC4-E12EA61238A0}"
EndProject
Project("{FAE04EC0-301F-11D3-BF4B-00C04F79EFBC}") = "Simple.Data", "Framework\Simple.Data\Simple.Data.csproj", "{148CEE80-2E84-4ABD-B5AB-20415B2BBD21}"
EndProject
Project("{FAE04EC0-301F-11D3-BF4B-00C04F79EFBC}") = "Simple.Data.Ado", "Framework\Simple.Data.Ado\Simple.Data.Ado.csproj", "{ECC2D7DB-EC7F-44B6-B09F-5B471C629685}"
EndProject
Project("{FAE04EC0-301F-11D3-BF4B-00C04F79EFBC}") = "Simple.Data.RawSql", "Framework\Simple.Data.RawSql\Simple.Data.RawSql.csproj", "{E8C9BF53-0E6C-40FB-AECA-5BEDE76693C6}"
EndProject
Project("{FAE04EC0-301F-11D3-BF4B-00C04F79EFBC}") = "Simple.Data.SqlServer", "Framework\Simple.Data.SqlServer\Simple.Data.SqlServer.csproj", "{E24F1C0F-3DCD-4BE5-9A6E-78EF6CB392A1}"
EndProject
Project("{FAE04EC0-301F-11D3-BF4B-00C04F79EFBC}") = "HZMall.Core", "HZMall.Core\HZMall.Core.csproj", "{159E8EC8-B111-41F7-86DC-DFCE3EE47931}"
EndProject
Project("{FAE04EC0-301F-11D3-BF4B-00C04F79EFBC}") = "HZMall.Domain", "HZMall.Domain\HZMall.Domain.csproj", "{46CC787D-E7A1-46DC-85AB-33C6C187A9D4}"
EndProject
Project("{FAE04EC0-301F-11D3-BF4B-00C04F79EFBC}") = "HZMall.IServices", "HZMall.IServices\HZMall.IServices.csproj", "{C6B587BE-DDE2-42C5-8554-4A8F425EA9DA}"
EndProject
Project("{FAE04EC0-301F-11D3-BF4B-00C04F79EFBC}") = "HZMall.Service", "HZMall.Service\HZMall.Service.csproj", "{295F4EAE-E9CD-4F67-8CE3-CD1316687D57}"
EndProject
Global
	GlobalSection(SolutionConfigurationPlatforms) = preSolution
		Debug|Any CPU = Debug|Any CPU
		Release|Any CPU = Release|Any CPU
		Release-Mono|Any CPU = Release-Mono|Any CPU
	EndGlobalSection
	GlobalSection(ProjectConfigurationPlatforms) = postSolution
		{5D89D54A-332D-4E4E-B6D9-2D74F0A52D36}.Debug|Any CPU.ActiveCfg = Debug|Any CPU
		{5D89D54A-332D-4E4E-B6D9-2D74F0A52D36}.Debug|Any CPU.Build.0 = Debug|Any CPU
		{5D89D54A-332D-4E4E-B6D9-2D74F0A52D36}.Release|Any CPU.ActiveCfg = Release|Any CPU
		{5D89D54A-332D-4E4E-B6D9-2D74F0A52D36}.Release|Any CPU.Build.0 = Release|Any CPU
		{5D89D54A-332D-4E4E-B6D9-2D74F0A52D36}.Release-Mono|Any CPU.ActiveCfg = Release|Any CPU
		{5D89D54A-332D-4E4E-B6D9-2D74F0A52D36}.Release-Mono|Any CPU.Build.0 = Release|Any CPU
		{B192E083-AB4C-4D5C-A83F-0489F50F4647}.Debug|Any CPU.ActiveCfg = Debug|Any CPU
		{B192E083-AB4C-4D5C-A83F-0489F50F4647}.Debug|Any CPU.Build.0 = Debug|Any CPU
		{B192E083-AB4C-4D5C-A83F-0489F50F4647}.Release|Any CPU.ActiveCfg = Release|Any CPU
		{B192E083-AB4C-4D5C-A83F-0489F50F4647}.Release|Any CPU.Build.0 = Release|Any CPU
		{B192E083-AB4C-4D5C-A83F-0489F50F4647}.Release-Mono|Any CPU.ActiveCfg = Release|Any CPU
		{B192E083-AB4C-4D5C-A83F-0489F50F4647}.Release-Mono|Any CPU.Build.0 = Release|Any CPU
		{8B76817C-AA83-4058-99B0-E4EEFCAE797A}.Debug|Any CPU.ActiveCfg = Debug|Any CPU
		{8B76817C-AA83-4058-99B0-E4EEFCAE797A}.Debug|Any CPU.Build.0 = Debug|Any CPU
		{8B76817C-AA83-4058-99B0-E4EEFCAE797A}.Release|Any CPU.ActiveCfg = Release|Any CPU
		{8B76817C-AA83-4058-99B0-E4EEFCAE797A}.Release|Any CPU.Build.0 = Release|Any CPU
		{8B76817C-AA83-4058-99B0-E4EEFCAE797A}.Release-Mono|Any CPU.ActiveCfg = Release|Any CPU
		{8B76817C-AA83-4058-99B0-E4EEFCAE797A}.Release-Mono|Any CPU.Build.0 = Release|Any CPU
		{CFE258E4-7B55-45C5-ACCA-98A0E56953BA}.Debug|Any CPU.ActiveCfg = Debug|Any CPU
		{CFE258E4-7B55-45C5-ACCA-98A0E56953BA}.Debug|Any CPU.Build.0 = Debug|Any CPU
		{CFE258E4-7B55-45C5-ACCA-98A0E56953BA}.Release|Any CPU.ActiveCfg = Release|Any CPU
		{CFE258E4-7B55-45C5-ACCA-98A0E56953BA}.Release|Any CPU.Build.0 = Release|Any CPU
		{CFE258E4-7B55-45C5-ACCA-98A0E56953BA}.Release-Mono|Any CPU.ActiveCfg = Release|Any CPU
		{CFE258E4-7B55-45C5-ACCA-98A0E56953BA}.Release-Mono|Any CPU.Build.0 = Release|Any CPU
		{DB3B7067-AC73-419D-9CC4-E12EA61238A0}.Debug|Any CPU.ActiveCfg = Debug|Any CPU
		{DB3B7067-AC73-419D-9CC4-E12EA61238A0}.Debug|Any CPU.Build.0 = Debug|Any CPU
		{DB3B7067-AC73-419D-9CC4-E12EA61238A0}.Release|Any CPU.ActiveCfg = Release|Any CPU
		{DB3B7067-AC73-419D-9CC4-E12EA61238A0}.Release|Any CPU.Build.0 = Release|Any CPU
		{DB3B7067-AC73-419D-9CC4-E12EA61238A0}.Release-Mono|Any CPU.ActiveCfg = Release|Any CPU
		{DB3B7067-AC73-419D-9CC4-E12EA61238A0}.Release-Mono|Any CPU.Build.0 = Release|Any CPU
		{148CEE80-2E84-4ABD-B5AB-20415B2BBD21}.Debug|Any CPU.ActiveCfg = Debug|Any CPU
		{148CEE80-2E84-4ABD-B5AB-20415B2BBD21}.Debug|Any CPU.Build.0 = Debug|Any CPU
		{148CEE80-2E84-4ABD-B5AB-20415B2BBD21}.Release|Any CPU.ActiveCfg = Release|Any CPU
		{148CEE80-2E84-4ABD-B5AB-20415B2BBD21}.Release|Any CPU.Build.0 = Release|Any CPU
		{148CEE80-2E84-4ABD-B5AB-20415B2BBD21}.Release-Mono|Any CPU.ActiveCfg = Release-Mono|Any CPU
		{148CEE80-2E84-4ABD-B5AB-20415B2BBD21}.Release-Mono|Any CPU.Build.0 = Release-Mono|Any CPU
		{ECC2D7DB-EC7F-44B6-B09F-5B471C629685}.Debug|Any CPU.ActiveCfg = Debug|Any CPU
		{ECC2D7DB-EC7F-44B6-B09F-5B471C629685}.Debug|Any CPU.Build.0 = Debug|Any CPU
		{ECC2D7DB-EC7F-44B6-B09F-5B471C629685}.Release|Any CPU.ActiveCfg = Release|Any CPU
		{ECC2D7DB-EC7F-44B6-B09F-5B471C629685}.Release|Any CPU.Build.0 = Release|Any CPU
		{ECC2D7DB-EC7F-44B6-B09F-5B471C629685}.Release-Mono|Any CPU.ActiveCfg = Release-Mono|Any CPU
		{ECC2D7DB-EC7F-44B6-B09F-5B471C629685}.Release-Mono|Any CPU.Build.0 = Release-Mono|Any CPU
		{E8C9BF53-0E6C-40FB-AECA-5BEDE76693C6}.Debug|Any CPU.ActiveCfg = Debug|Any CPU
		{E8C9BF53-0E6C-40FB-AECA-5BEDE76693C6}.Debug|Any CPU.Build.0 = Debug|Any CPU
		{E8C9BF53-0E6C-40FB-AECA-5BEDE76693C6}.Release|Any CPU.ActiveCfg = Release|Any CPU
		{E8C9BF53-0E6C-40FB-AECA-5BEDE76693C6}.Release|Any CPU.Build.0 = Release|Any CPU
		{E8C9BF53-0E6C-40FB-AECA-5BEDE76693C6}.Release-Mono|Any CPU.ActiveCfg = Release|Any CPU
		{E8C9BF53-0E6C-40FB-AECA-5BEDE76693C6}.Release-Mono|Any CPU.Build.0 = Release|Any CPU
		{E24F1C0F-3DCD-4BE5-9A6E-78EF6CB392A1}.Debug|Any CPU.ActiveCfg = Debug|Any CPU
		{E24F1C0F-3DCD-4BE5-9A6E-78EF6CB392A1}.Debug|Any CPU.Build.0 = Debug|Any CPU
		{E24F1C0F-3DCD-4BE5-9A6E-78EF6CB392A1}.Release|Any CPU.ActiveCfg = Release|Any CPU
		{E24F1C0F-3DCD-4BE5-9A6E-78EF6CB392A1}.Release|Any CPU.Build.0 = Release|Any CPU
		{E24F1C0F-3DCD-4BE5-9A6E-78EF6CB392A1}.Release-Mono|Any CPU.ActiveCfg = Release-Mono|Any CPU
		{E24F1C0F-3DCD-4BE5-9A6E-78EF6CB392A1}.Release-Mono|Any CPU.Build.0 = Release-Mono|Any CPU
		{159E8EC8-B111-41F7-86DC-DFCE3EE47931}.Debug|Any CPU.ActiveCfg = Debug|Any CPU
		{159E8EC8-B111-41F7-86DC-DFCE3EE47931}.Debug|Any CPU.Build.0 = Debug|Any CPU
		{159E8EC8-B111-41F7-86DC-DFCE3EE47931}.Release|Any CPU.ActiveCfg = Release|Any CPU
		{159E8EC8-B111-41F7-86DC-DFCE3EE47931}.Release|Any CPU.Build.0 = Release|Any CPU
		{159E8EC8-B111-41F7-86DC-DFCE3EE47931}.Release-Mono|Any CPU.ActiveCfg = Release|Any CPU
		{159E8EC8-B111-41F7-86DC-DFCE3EE47931}.Release-Mono|Any CPU.Build.0 = Release|Any CPU
		{46CC787D-E7A1-46DC-85AB-33C6C187A9D4}.Debug|Any CPU.ActiveCfg = Debug|Any CPU
		{46CC787D-E7A1-46DC-85AB-33C6C187A9D4}.Debug|Any CPU.Build.0 = Debug|Any CPU
		{46CC787D-E7A1-46DC-85AB-33C6C187A9D4}.Release|Any CPU.ActiveCfg = Release|Any CPU
		{46CC787D-E7A1-46DC-85AB-33C6C187A9D4}.Release|Any CPU.Build.0 = Release|Any CPU
		{46CC787D-E7A1-46DC-85AB-33C6C187A9D4}.Release-Mono|Any CPU.ActiveCfg = Release|Any CPU
		{46CC787D-E7A1-46DC-85AB-33C6C187A9D4}.Release-Mono|Any CPU.Build.0 = Release|Any CPU
		{C6B587BE-DDE2-42C5-8554-4A8F425EA9DA}.Debug|Any CPU.ActiveCfg = Debug|Any CPU
		{C6B587BE-DDE2-42C5-8554-4A8F425EA9DA}.Debug|Any CPU.Build.0 = Debug|Any CPU
		{C6B587BE-DDE2-42C5-8554-4A8F425EA9DA}.Release|Any CPU.ActiveCfg = Release|Any CPU
		{C6B587BE-DDE2-42C5-8554-4A8F425EA9DA}.Release|Any CPU.Build.0 = Release|Any CPU
		{C6B587BE-DDE2-42C5-8554-4A8F425EA9DA}.Release-Mono|Any CPU.ActiveCfg = Release|Any CPU
		{C6B587BE-DDE2-42C5-8554-4A8F425EA9DA}.Release-Mono|Any CPU.Build.0 = Release|Any CPU
		{295F4EAE-E9CD-4F67-8CE3-CD1316687D57}.Debug|Any CPU.ActiveCfg = Debug|Any CPU
		{295F4EAE-E9CD-4F67-8CE3-CD1316687D57}.Debug|Any CPU.Build.0 = Debug|Any CPU
		{295F4EAE-E9CD-4F67-8CE3-CD1316687D57}.Release|Any CPU.ActiveCfg = Release|Any CPU
		{295F4EAE-E9CD-4F67-8CE3-CD1316687D57}.Release|Any CPU.Build.0 = Release|Any CPU
		{295F4EAE-E9CD-4F67-8CE3-CD1316687D57}.Release-Mono|Any CPU.ActiveCfg = Release|Any CPU
		{295F4EAE-E9CD-4F67-8CE3-CD1316687D57}.Release-Mono|Any CPU.Build.0 = Release|Any CPU
	EndGlobalSection
	GlobalSection(SolutionProperties) = preSolution
		HideSolutionNode = FALSE
	EndGlobalSection
	GlobalSection(NestedProjects) = preSolution
		{8B76817C-AA83-4058-99B0-E4EEFCAE797A} = {ABEE7095-59A1-423F-AE9D-52217F9936A0}
		{CFE258E4-7B55-45C5-ACCA-98A0E56953BA} = {ABEE7095-59A1-423F-AE9D-52217F9936A0}
		{DB3B7067-AC73-419D-9CC4-E12EA61238A0} = {ABEE7095-59A1-423F-AE9D-52217F9936A0}
		{148CEE80-2E84-4ABD-B5AB-20415B2BBD21} = {ABEE7095-59A1-423F-AE9D-52217F9936A0}
		{ECC2D7DB-EC7F-44B6-B09F-5B471C629685} = {ABEE7095-59A1-423F-AE9D-52217F9936A0}
		{E8C9BF53-0E6C-40FB-AECA-5BEDE76693C6} = {ABEE7095-59A1-423F-AE9D-52217F9936A0}
		{E24F1C0F-3DCD-4BE5-9A6E-78EF6CB392A1} = {ABEE7095-59A1-423F-AE9D-52217F9936A0}
		{5D89D54A-332D-4E4E-B6D9-2D74F0A52D36} = {F5CCEC33-31DC-4351-9A6A-F2B76364C5A3}
		{B192E083-AB4C-4D5C-A83F-0489F50F4647} = {F5CCEC33-31DC-4351-9A6A-F2B76364C5A3}
		{159E8EC8-B111-41F7-86DC-DFCE3EE47931} = {F5CCEC33-31DC-4351-9A6A-F2B76364C5A3}
		{46CC787D-E7A1-46DC-85AB-33C6C187A9D4} = {F5CCEC33-31DC-4351-9A6A-F2B76364C5A3}
		{C6B587BE-DDE2-42C5-8554-4A8F425EA9DA} = {F5CCEC33-31DC-4351-9A6A-F2B76364C5A3}
		{295F4EAE-E9CD-4F67-8CE3-CD1316687D57} = {F5CCEC33-31DC-4351-9A6A-F2B76364C5A3}
	EndGlobalSection
EndGlobal
